// !$*UTF8*$!
{
	archiveVersion = 1;
	classes = {
	};
	objectVersion = 56;
	objects = {

/* Begin PBXBuildFile section */
		CF43737B2982807400927A89 /* Coordinator.swift in Sources */ = {isa = PBXBuildFile; fileRef = CF43737A2982807400927A89 /* Coordinator.swift */; };
		CF43737D2982808100927A89 /* Path.swift in Sources */ = {isa = PBXBuildFile; fileRef = CF43737C2982808100927A89 /* Path.swift */; };
		CF43737F2982825500927A89 /* ContentViewProtocol.swift in Sources */ = {isa = PBXBuildFile; fileRef = CF43737E2982825400927A89 /* ContentViewProtocol.swift */; };
		CF4373812982854900927A89 /* ContentViewModel.swift in Sources */ = {isa = PBXBuildFile; fileRef = CF4373802982854900927A89 /* ContentViewModel.swift */; };
		CF4373832982919600927A89 /* AnyCoordinatable.swift in Sources */ = {isa = PBXBuildFile; fileRef = CF4373822982919600927A89 /* AnyCoordinatable.swift */; };
		CF437385298291C600927A89 /* PathType.swift in Sources */ = {isa = PBXBuildFile; fileRef = CF437384298291C600927A89 /* PathType.swift */; };
		CF4373882982AE2400927A89 /* CoreDataRequestsServise.swift in Sources */ = {isa = PBXBuildFile; fileRef = CF4373872982AE2400927A89 /* CoreDataRequestsServise.swift */; };
		CF6762EF297EB2740024F03A /* LadderAppApp.swift in Sources */ = {isa = PBXBuildFile; fileRef = CF6762EE297EB2740024F03A /* LadderAppApp.swift */; };
		CF6762F3297EB2790024F03A /* Assets.xcassets in Resources */ = {isa = PBXBuildFile; fileRef = CF6762F2297EB2790024F03A /* Assets.xcassets */; };
		CF6762F7297EB2790024F03A /* Preview Assets.xcassets in Resources */ = {isa = PBXBuildFile; fileRef = CF6762F6297EB2790024F03A /* Preview Assets.xcassets */; };
		CF67630E297EC2F30024F03A /* CoreDataManager.swift in Sources */ = {isa = PBXBuildFile; fileRef = CF676306297EC2F30024F03A /* CoreDataManager.swift */; };
		CF67630F297EC2F30024F03A /* ContentView.swift in Sources */ = {isa = PBXBuildFile; fileRef = CF676308297EC2F30024F03A /* ContentView.swift */; };
		CF676314297ED7710024F03A /* LadderDataModel.xcdatamodeld in Sources */ = {isa = PBXBuildFile; fileRef = CF676312297ED7710024F03A /* LadderDataModel.xcdatamodeld */; };
		CFA7D16429895361001969E3 /* CoreDataSaveServise.swift in Sources */ = {isa = PBXBuildFile; fileRef = CFA7D16329895361001969E3 /* CoreDataSaveServise.swift */; };
		CFA7D16A29897090001969E3 /* HomePageViewModel.swift in Sources */ = {isa = PBXBuildFile; fileRef = CFA7D16929897090001969E3 /* HomePageViewModel.swift */; };
		CFA7D16D298970EB001969E3 /* HomePageViewProtocol.swift in Sources */ = {isa = PBXBuildFile; fileRef = CFA7D16C298970EB001969E3 /* HomePageViewProtocol.swift */; };
		CFA7D16F298970F9001969E3 /* HomePageViewModelProtocol.swift in Sources */ = {isa = PBXBuildFile; fileRef = CFA7D16E298970F9001969E3 /* HomePageViewModelProtocol.swift */; };
		CFA7D17129897106001969E3 /* HomePageView.swift in Sources */ = {isa = PBXBuildFile; fileRef = CFA7D17029897106001969E3 /* HomePageView.swift */; };
		CFA7D1742989783F001969E3 /* StringsConstants.swift in Sources */ = {isa = PBXBuildFile; fileRef = CFA7D1732989783F001969E3 /* StringsConstants.swift */; };
		CFA7D17629897985001969E3 /* ColorConstants.swift in Sources */ = {isa = PBXBuildFile; fileRef = CFA7D17529897985001969E3 /* ColorConstants.swift */; };
		CFA7D17829897A1E001969E3 /* FontConstants.swift in Sources */ = {isa = PBXBuildFile; fileRef = CFA7D17729897A1E001969E3 /* FontConstants.swift */; };
		CFA7D17B29897B40001969E3 /* NewGameView.swift in Sources */ = {isa = PBXBuildFile; fileRef = CFA7D17A29897B40001969E3 /* NewGameView.swift */; };
		CFA7D17D29897B4C001969E3 /* NewGameViewModel.swift in Sources */ = {isa = PBXBuildFile; fileRef = CFA7D17C29897B4C001969E3 /* NewGameViewModel.swift */; };
		CFA7D17F29897B56001969E3 /* NewGameViewProtocol.swift in Sources */ = {isa = PBXBuildFile; fileRef = CFA7D17E29897B56001969E3 /* NewGameViewProtocol.swift */; };
		CFA7D18129897B65001969E3 /* NewGameViewModelProtocol.swift in Sources */ = {isa = PBXBuildFile; fileRef = CFA7D18029897B65001969E3 /* NewGameViewModelProtocol.swift */; };
		CFAD6108298C5240009A5B64 /* Launch Screen.storyboard in Resources */ = {isa = PBXBuildFile; fileRef = CFAD6107298C5240009A5B64 /* Launch Screen.storyboard */; };
		CFB99385298BA42000E9CB72 /* SelectPlayersView.swift in Sources */ = {isa = PBXBuildFile; fileRef = CFB99384298BA42000E9CB72 /* SelectPlayersView.swift */; };
		CFB99387298BA44600E9CB72 /* SelectPlayersViewModel.swift in Sources */ = {isa = PBXBuildFile; fileRef = CFB99386298BA44600E9CB72 /* SelectPlayersViewModel.swift */; };
		CFB99389298BA45700E9CB72 /* SelectPlayersViewProtocol.swift in Sources */ = {isa = PBXBuildFile; fileRef = CFB99388298BA45700E9CB72 /* SelectPlayersViewProtocol.swift */; };
		CFB9938B298BA47100E9CB72 /* SelectPlayersViewModelProtocol.swift in Sources */ = {isa = PBXBuildFile; fileRef = CFB9938A298BA47100E9CB72 /* SelectPlayersViewModelProtocol.swift */; };
		CFB9938E298BF21700E9CB72 /* ScoreView.swift in Sources */ = {isa = PBXBuildFile; fileRef = CFB9938D298BF21700E9CB72 /* ScoreView.swift */; };
		CFB99390298BF22200E9CB72 /* ScoreViewModel.swift in Sources */ = {isa = PBXBuildFile; fileRef = CFB9938F298BF22200E9CB72 /* ScoreViewModel.swift */; };
		CFB99392298BF22E00E9CB72 /* ScoreViewProtocol.swift in Sources */ = {isa = PBXBuildFile; fileRef = CFB99391298BF22E00E9CB72 /* ScoreViewProtocol.swift */; };
		CFB99394298BF23D00E9CB72 /* ScoreViewModelProtocol.swift in Sources */ = {isa = PBXBuildFile; fileRef = CFB99393298BF23D00E9CB72 /* ScoreViewModelProtocol.swift */; };
		CFB99397298C0DA600E9CB72 /* PlayerScore.swift in Sources */ = {isa = PBXBuildFile; fileRef = CFB99396298C0DA600E9CB72 /* PlayerScore.swift */; };
/* End PBXBuildFile section */

/* Begin PBXFileReference section */
		CF43737A2982807400927A89 /* Coordinator.swift */ = {isa = PBXFileReference; lastKnownFileType = sourcecode.swift; path = Coordinator.swift; sourceTree = "<group>"; };
		CF43737C2982808100927A89 /* Path.swift */ = {isa = PBXFileReference; lastKnownFileType = sourcecode.swift; path = Path.swift; sourceTree = "<group>"; };
		CF43737E2982825400927A89 /* ContentViewProtocol.swift */ = {isa = PBXFileReference; lastKnownFileType = sourcecode.swift; path = ContentViewProtocol.swift; sourceTree = "<group>"; };
		CF4373802982854900927A89 /* ContentViewModel.swift */ = {isa = PBXFileReference; lastKnownFileType = sourcecode.swift; path = ContentViewModel.swift; sourceTree = "<group>"; };
		CF4373822982919600927A89 /* AnyCoordinatable.swift */ = {isa = PBXFileReference; lastKnownFileType = sourcecode.swift; path = AnyCoordinatable.swift; sourceTree = "<group>"; };
		CF437384298291C600927A89 /* PathType.swift */ = {isa = PBXFileReference; lastKnownFileType = sourcecode.swift; path = PathType.swift; sourceTree = "<group>"; };
		CF4373862982ACD700927A89 /* Info.plist */ = {isa = PBXFileReference; lastKnownFileType = text.plist; path = Info.plist; sourceTree = "<group>"; };
		CF4373872982AE2400927A89 /* CoreDataRequestsServise.swift */ = {isa = PBXFileReference; lastKnownFileType = sourcecode.swift; path = CoreDataRequestsServise.swift; sourceTree = "<group>"; };
		CF6762EB297EB2740024F03A /* LadderApp.app */ = {isa = PBXFileReference; explicitFileType = wrapper.application; includeInIndex = 0; path = LadderApp.app; sourceTree = BUILT_PRODUCTS_DIR; };
		CF6762EE297EB2740024F03A /* LadderAppApp.swift */ = {isa = PBXFileReference; lastKnownFileType = sourcecode.swift; path = LadderAppApp.swift; sourceTree = "<group>"; };
		CF6762F2297EB2790024F03A /* Assets.xcassets */ = {isa = PBXFileReference; lastKnownFileType = folder.assetcatalog; path = Assets.xcassets; sourceTree = "<group>"; };
		CF6762F4297EB2790024F03A /* LadderApp.entitlements */ = {isa = PBXFileReference; lastKnownFileType = text.plist.entitlements; path = LadderApp.entitlements; sourceTree = "<group>"; };
		CF6762F6297EB2790024F03A /* Preview Assets.xcassets */ = {isa = PBXFileReference; lastKnownFileType = folder.assetcatalog; path = "Preview Assets.xcassets"; sourceTree = "<group>"; };
		CF676306297EC2F30024F03A /* CoreDataManager.swift */ = {isa = PBXFileReference; fileEncoding = 4; lastKnownFileType = sourcecode.swift; path = CoreDataManager.swift; sourceTree = "<group>"; };
		CF676308297EC2F30024F03A /* ContentView.swift */ = {isa = PBXFileReference; fileEncoding = 4; lastKnownFileType = sourcecode.swift; path = ContentView.swift; sourceTree = "<group>"; };
		CF676313297ED7710024F03A /* LadderDataModel.xcdatamodel */ = {isa = PBXFileReference; lastKnownFileType = wrapper.xcdatamodel; path = LadderDataModel.xcdatamodel; sourceTree = "<group>"; };
		CFA7D16329895361001969E3 /* CoreDataSaveServise.swift */ = {isa = PBXFileReference; lastKnownFileType = sourcecode.swift; path = CoreDataSaveServise.swift; sourceTree = "<group>"; };
		CFA7D16929897090001969E3 /* HomePageViewModel.swift */ = {isa = PBXFileReference; lastKnownFileType = sourcecode.swift; path = HomePageViewModel.swift; sourceTree = "<group>"; };
		CFA7D16C298970EB001969E3 /* HomePageViewProtocol.swift */ = {isa = PBXFileReference; lastKnownFileType = sourcecode.swift; path = HomePageViewProtocol.swift; sourceTree = "<group>"; };
		CFA7D16E298970F9001969E3 /* HomePageViewModelProtocol.swift */ = {isa = PBXFileReference; lastKnownFileType = sourcecode.swift; path = HomePageViewModelProtocol.swift; sourceTree = "<group>"; };
		CFA7D17029897106001969E3 /* HomePageView.swift */ = {isa = PBXFileReference; lastKnownFileType = sourcecode.swift; path = HomePageView.swift; sourceTree = "<group>"; };
		CFA7D1732989783F001969E3 /* StringsConstants.swift */ = {isa = PBXFileReference; lastKnownFileType = sourcecode.swift; path = StringsConstants.swift; sourceTree = "<group>"; };
		CFA7D17529897985001969E3 /* ColorConstants.swift */ = {isa = PBXFileReference; lastKnownFileType = sourcecode.swift; path = ColorConstants.swift; sourceTree = "<group>"; };
		CFA7D17729897A1E001969E3 /* FontConstants.swift */ = {isa = PBXFileReference; lastKnownFileType = sourcecode.swift; path = FontConstants.swift; sourceTree = "<group>"; };
		CFA7D17A29897B40001969E3 /* NewGameView.swift */ = {isa = PBXFileReference; lastKnownFileType = sourcecode.swift; path = NewGameView.swift; sourceTree = "<group>"; };
		CFA7D17C29897B4C001969E3 /* NewGameViewModel.swift */ = {isa = PBXFileReference; lastKnownFileType = sourcecode.swift; path = NewGameViewModel.swift; sourceTree = "<group>"; };
		CFA7D17E29897B56001969E3 /* NewGameViewProtocol.swift */ = {isa = PBXFileReference; lastKnownFileType = sourcecode.swift; path = NewGameViewProtocol.swift; sourceTree = "<group>"; };
		CFA7D18029897B65001969E3 /* NewGameViewModelProtocol.swift */ = {isa = PBXFileReference; lastKnownFileType = sourcecode.swift; path = NewGameViewModelProtocol.swift; sourceTree = "<group>"; };
		CFAD6107298C5240009A5B64 /* Launch Screen.storyboard */ = {isa = PBXFileReference; lastKnownFileType = file.storyboard; path = "Launch Screen.storyboard"; sourceTree = "<group>"; };
		CFB99384298BA42000E9CB72 /* SelectPlayersView.swift */ = {isa = PBXFileReference; lastKnownFileType = sourcecode.swift; path = SelectPlayersView.swift; sourceTree = "<group>"; };
		CFB99386298BA44600E9CB72 /* SelectPlayersViewModel.swift */ = {isa = PBXFileReference; lastKnownFileType = sourcecode.swift; path = SelectPlayersViewModel.swift; sourceTree = "<group>"; };
		CFB99388298BA45700E9CB72 /* SelectPlayersViewProtocol.swift */ = {isa = PBXFileReference; lastKnownFileType = sourcecode.swift; path = SelectPlayersViewProtocol.swift; sourceTree = "<group>"; };
		CFB9938A298BA47100E9CB72 /* SelectPlayersViewModelProtocol.swift */ = {isa = PBXFileReference; lastKnownFileType = sourcecode.swift; path = SelectPlayersViewModelProtocol.swift; sourceTree = "<group>"; };
		CFB9938D298BF21700E9CB72 /* ScoreView.swift */ = {isa = PBXFileReference; lastKnownFileType = sourcecode.swift; path = ScoreView.swift; sourceTree = "<group>"; };
		CFB9938F298BF22200E9CB72 /* ScoreViewModel.swift */ = {isa = PBXFileReference; lastKnownFileType = sourcecode.swift; path = ScoreViewModel.swift; sourceTree = "<group>"; };
		CFB99391298BF22E00E9CB72 /* ScoreViewProtocol.swift */ = {isa = PBXFileReference; lastKnownFileType = sourcecode.swift; path = ScoreViewProtocol.swift; sourceTree = "<group>"; };
		CFB99393298BF23D00E9CB72 /* ScoreViewModelProtocol.swift */ = {isa = PBXFileReference; lastKnownFileType = sourcecode.swift; path = ScoreViewModelProtocol.swift; sourceTree = "<group>"; };
		CFB99396298C0DA600E9CB72 /* PlayerScore.swift */ = {isa = PBXFileReference; lastKnownFileType = sourcecode.swift; path = PlayerScore.swift; sourceTree = "<group>"; };
/* End PBXFileReference section */

/* Begin PBXFrameworksBuildPhase section */
		CF6762E8297EB2740024F03A /* Frameworks */ = {
			isa = PBXFrameworksBuildPhase;
			buildActionMask = 2147483647;
			files = (
			);
			runOnlyForDeploymentPostprocessing = 0;
		};
/* End PBXFrameworksBuildPhase section */

/* Begin PBXGroup section */
		CF4373792982805000927A89 /* Coordinator */ = {
			isa = PBXGroup;
			children = (
				CF43737A2982807400927A89 /* Coordinator.swift */,
				CF4373822982919600927A89 /* AnyCoordinatable.swift */,
				CF43737C2982808100927A89 /* Path.swift */,
				CF437384298291C600927A89 /* PathType.swift */,
			);
			path = Coordinator;
			sourceTree = "<group>";
		};
		CF6762E2297EB2740024F03A = {
			isa = PBXGroup;
			children = (
				CF6762ED297EB2740024F03A /* LadderApp */,
				CF6762EC297EB2740024F03A /* Products */,
			);
			sourceTree = "<group>";
		};
		CF6762EC297EB2740024F03A /* Products */ = {
			isa = PBXGroup;
			children = (
				CF6762EB297EB2740024F03A /* LadderApp.app */,
			);
			name = Products;
			sourceTree = "<group>";
		};
		CF6762ED297EB2740024F03A /* LadderApp */ = {
			isa = PBXGroup;
			children = (
				CF4373862982ACD700927A89 /* Info.plist */,
				CF6762EE297EB2740024F03A /* LadderAppApp.swift */,
				CF6762F2297EB2790024F03A /* Assets.xcassets */,
				CF6762F4297EB2790024F03A /* LadderApp.entitlements */,
				CF676307297EC2F30024F03A /* Flows */,
				CFA7D17229897825001969E3 /* Global */,
				CFB99395298C0D8C00E9CB72 /* Models */,
				CF4373792982805000927A89 /* Coordinator */,
				CF676305297EC2F30024F03A /* Managers */,
				CF67630B297EC2F30024F03A /* CoreData */,
				CF6762F5297EB2790024F03A /* Preview Content */,
			);
			path = LadderApp;
			sourceTree = "<group>";
		};
		CF6762F5297EB2790024F03A /* Preview Content */ = {
			isa = PBXGroup;
			children = (
				CF6762F6297EB2790024F03A /* Preview Assets.xcassets */,
			);
			path = "Preview Content";
			sourceTree = "<group>";
		};
		CF676305297EC2F30024F03A /* Managers */ = {
			isa = PBXGroup;
			children = (
				CF676306297EC2F30024F03A /* CoreDataManager.swift */,
				CF4373872982AE2400927A89 /* CoreDataRequestsServise.swift */,
				CFA7D16329895361001969E3 /* CoreDataSaveServise.swift */,
			);
			path = Managers;
			sourceTree = "<group>";
		};
		CF676307297EC2F30024F03A /* Flows */ = {
			isa = PBXGroup;
			children = (
				CFAD6106298C5228009A5B64 /* LaunchScreen */,
				CFA7D16829897079001969E3 /* ContentView */,
				CFA7D16B29897095001969E3 /* Home */,
				CFA7D17929897B1F001969E3 /* NewGame */,
				CFB99383298BA3F800E9CB72 /* SelectPlayers */,
				CFB9938C298BF19E00E9CB72 /* Score */,
			);
			path = Flows;
			sourceTree = "<group>";
		};
		CF67630B297EC2F30024F03A /* CoreData */ = {
			isa = PBXGroup;
			children = (
				CF676312297ED7710024F03A /* LadderDataModel.xcdatamodeld */,
			);
			path = CoreData;
			sourceTree = "<group>";
		};
		CFA7D16829897079001969E3 /* ContentView */ = {
			isa = PBXGroup;
			children = (
				CF676308297EC2F30024F03A /* ContentView.swift */,
				CF4373802982854900927A89 /* ContentViewModel.swift */,
				CF43737E2982825400927A89 /* ContentViewProtocol.swift */,
			);
			path = ContentView;
			sourceTree = "<group>";
		};
		CFA7D16B29897095001969E3 /* Home */ = {
			isa = PBXGroup;
			children = (
				CFA7D17029897106001969E3 /* HomePageView.swift */,
				CFA7D16929897090001969E3 /* HomePageViewModel.swift */,
				CFA7D16C298970EB001969E3 /* HomePageViewProtocol.swift */,
				CFA7D16E298970F9001969E3 /* HomePageViewModelProtocol.swift */,
			);
			path = Home;
			sourceTree = "<group>";
		};
		CFA7D17229897825001969E3 /* Global */ = {
			isa = PBXGroup;
			children = (
				CFA7D1732989783F001969E3 /* StringsConstants.swift */,
				CFA7D17529897985001969E3 /* ColorConstants.swift */,
				CFA7D17729897A1E001969E3 /* FontConstants.swift */,
			);
			path = Global;
			sourceTree = "<group>";
		};
		CFA7D17929897B1F001969E3 /* NewGame */ = {
			isa = PBXGroup;
			children = (
				CFA7D17A29897B40001969E3 /* NewGameView.swift */,
				CFA7D17C29897B4C001969E3 /* NewGameViewModel.swift */,
				CFA7D17E29897B56001969E3 /* NewGameViewProtocol.swift */,
				CFA7D18029897B65001969E3 /* NewGameViewModelProtocol.swift */,
			);
			path = NewGame;
			sourceTree = "<group>";
		};
		CFAD6106298C5228009A5B64 /* LaunchScreen */ = {
			isa = PBXGroup;
			children = (
				CFAD6107298C5240009A5B64 /* Launch Screen.storyboard */,
			);
			path = LaunchScreen;
			sourceTree = "<group>";
		};
		CFB99383298BA3F800E9CB72 /* SelectPlayers */ = {
			isa = PBXGroup;
			children = (
				CFB99384298BA42000E9CB72 /* SelectPlayersView.swift */,
				CFB99386298BA44600E9CB72 /* SelectPlayersViewModel.swift */,
				CFB99388298BA45700E9CB72 /* SelectPlayersViewProtocol.swift */,
				CFB9938A298BA47100E9CB72 /* SelectPlayersViewModelProtocol.swift */,
			);
			path = SelectPlayers;
			sourceTree = "<group>";
		};
		CFB9938C298BF19E00E9CB72 /* Score */ = {
			isa = PBXGroup;
			children = (
				CFB9938D298BF21700E9CB72 /* ScoreView.swift */,
				CFB9938F298BF22200E9CB72 /* ScoreViewModel.swift */,
				CFB99391298BF22E00E9CB72 /* ScoreViewProtocol.swift */,
				CFB99393298BF23D00E9CB72 /* ScoreViewModelProtocol.swift */,
			);
			path = Score;
			sourceTree = "<group>";
		};
		CFB99395298C0D8C00E9CB72 /* Models */ = {
			isa = PBXGroup;
			children = (
				CFB99396298C0DA600E9CB72 /* PlayerScore.swift */,
			);
			path = Models;
			sourceTree = "<group>";
		};
/* End PBXGroup section */

/* Begin PBXNativeTarget section */
		CF6762EA297EB2740024F03A /* LadderApp */ = {
			isa = PBXNativeTarget;
			buildConfigurationList = CF6762FA297EB2790024F03A /* Build configuration list for PBXNativeTarget "LadderApp" */;
			buildPhases = (
				CF6762E7297EB2740024F03A /* Sources */,
				CF6762E8297EB2740024F03A /* Frameworks */,
				CF6762E9297EB2740024F03A /* Resources */,
			);
			buildRules = (
			);
			dependencies = (
			);
			name = LadderApp;
			productName = LadderApp;
			productReference = CF6762EB297EB2740024F03A /* LadderApp.app */;
			productType = "com.apple.product-type.application";
		};
/* End PBXNativeTarget section */

/* Begin PBXProject section */
		CF6762E3297EB2740024F03A /* Project object */ = {
			isa = PBXProject;
			attributes = {
				BuildIndependentTargetsInParallel = 1;
				LastSwiftUpdateCheck = 1420;
				LastUpgradeCheck = 1420;
				TargetAttributes = {
					CF6762EA297EB2740024F03A = {
						CreatedOnToolsVersion = 14.2;
					};
				};
			};
			buildConfigurationList = CF6762E6297EB2740024F03A /* Build configuration list for PBXProject "LadderApp" */;
			compatibilityVersion = "Xcode 14.0";
			developmentRegion = en;
			hasScannedForEncodings = 0;
			knownRegions = (
				en,
				Base,
			);
			mainGroup = CF6762E2297EB2740024F03A;
			productRefGroup = CF6762EC297EB2740024F03A /* Products */;
			projectDirPath = "";
			projectRoot = "";
			targets = (
				CF6762EA297EB2740024F03A /* LadderApp */,
			);
		};
/* End PBXProject section */

/* Begin PBXResourcesBuildPhase section */
		CF6762E9297EB2740024F03A /* Resources */ = {
			isa = PBXResourcesBuildPhase;
			buildActionMask = 2147483647;
			files = (
				CFAD6108298C5240009A5B64 /* Launch Screen.storyboard in Resources */,
				CF6762F7297EB2790024F03A /* Preview Assets.xcassets in Resources */,
				CF6762F3297EB2790024F03A /* Assets.xcassets in Resources */,
			);
			runOnlyForDeploymentPostprocessing = 0;
		};
/* End PBXResourcesBuildPhase section */

/* Begin PBXSourcesBuildPhase section */
		CF6762E7297EB2740024F03A /* Sources */ = {
			isa = PBXSourcesBuildPhase;
			buildActionMask = 2147483647;
			files = (
				CFA7D17829897A1E001969E3 /* FontConstants.swift in Sources */,
				CFB99387298BA44600E9CB72 /* SelectPlayersViewModel.swift in Sources */,
				CFA7D17F29897B56001969E3 /* NewGameViewProtocol.swift in Sources */,
				CFB99392298BF22E00E9CB72 /* ScoreViewProtocol.swift in Sources */,
				CFB9938B298BA47100E9CB72 /* SelectPlayersViewModelProtocol.swift in Sources */,
				CF4373812982854900927A89 /* ContentViewModel.swift in Sources */,
				CFB99390298BF22200E9CB72 /* ScoreViewModel.swift in Sources */,
				CF67630E297EC2F30024F03A /* CoreDataManager.swift in Sources */,
				CF437385298291C600927A89 /* PathType.swift in Sources */,
				CFA7D16F298970F9001969E3 /* HomePageViewModelProtocol.swift in Sources */,
				CFB99385298BA42000E9CB72 /* SelectPlayersView.swift in Sources */,
				CF67630F297EC2F30024F03A /* ContentView.swift in Sources */,
				CFA7D16D298970EB001969E3 /* HomePageViewProtocol.swift in Sources */,
				CFA7D18129897B65001969E3 /* NewGameViewModelProtocol.swift in Sources */,
				CFA7D17B29897B40001969E3 /* NewGameView.swift in Sources */,
				CF43737B2982807400927A89 /* Coordinator.swift in Sources */,
				CF6762EF297EB2740024F03A /* LadderAppApp.swift in Sources */,
				CFA7D16A29897090001969E3 /* HomePageViewModel.swift in Sources */,
				CFB99389298BA45700E9CB72 /* SelectPlayersViewProtocol.swift in Sources */,
				CF4373832982919600927A89 /* AnyCoordinatable.swift in Sources */,
				CFA7D16429895361001969E3 /* CoreDataSaveServise.swift in Sources */,
				CFB99397298C0DA600E9CB72 /* PlayerScore.swift in Sources */,
				CF43737D2982808100927A89 /* Path.swift in Sources */,
				CFB99394298BF23D00E9CB72 /* ScoreViewModelProtocol.swift in Sources */,
				CFA7D1742989783F001969E3 /* StringsConstants.swift in Sources */,
				CF4373882982AE2400927A89 /* CoreDataRequestsServise.swift in Sources */,
				CF676314297ED7710024F03A /* LadderDataModel.xcdatamodeld in Sources */,
				CFA7D17629897985001969E3 /* ColorConstants.swift in Sources */,
				CFA7D17129897106001969E3 /* HomePageView.swift in Sources */,
				CFB9938E298BF21700E9CB72 /* ScoreView.swift in Sources */,
				CFA7D17D29897B4C001969E3 /* NewGameViewModel.swift in Sources */,
				CF43737F2982825500927A89 /* ContentViewProtocol.swift in Sources */,
			);
			runOnlyForDeploymentPostprocessing = 0;
		};
/* End PBXSourcesBuildPhase section */

/* Begin XCBuildConfiguration section */
		CF6762F8297EB2790024F03A /* Debug */ = {
			isa = XCBuildConfiguration;
			buildSettings = {
				ALWAYS_SEARCH_USER_PATHS = NO;
				CLANG_ANALYZER_NONNULL = YES;
				CLANG_ANALYZER_NUMBER_OBJECT_CONVERSION = YES_AGGRESSIVE;
				CLANG_CXX_LANGUAGE_STANDARD = "gnu++20";
				CLANG_ENABLE_MODULES = YES;
				CLANG_ENABLE_OBJC_ARC = YES;
				CLANG_ENABLE_OBJC_WEAK = YES;
				CLANG_WARN_BLOCK_CAPTURE_AUTORELEASING = YES;
				CLANG_WARN_BOOL_CONVERSION = YES;
				CLANG_WARN_COMMA = YES;
				CLANG_WARN_CONSTANT_CONVERSION = YES;
				CLANG_WARN_DEPRECATED_OBJC_IMPLEMENTATIONS = YES;
				CLANG_WARN_DIRECT_OBJC_ISA_USAGE = YES_ERROR;
				CLANG_WARN_DOCUMENTATION_COMMENTS = YES;
				CLANG_WARN_EMPTY_BODY = YES;
				CLANG_WARN_ENUM_CONVERSION = YES;
				CLANG_WARN_INFINITE_RECURSION = YES;
				CLANG_WARN_INT_CONVERSION = YES;
				CLANG_WARN_NON_LITERAL_NULL_CONVERSION = YES;
				CLANG_WARN_OBJC_IMPLICIT_RETAIN_SELF = YES;
				CLANG_WARN_OBJC_LITERAL_CONVERSION = YES;
				CLANG_WARN_OBJC_ROOT_CLASS = YES_ERROR;
				CLANG_WARN_QUOTED_INCLUDE_IN_FRAMEWORK_HEADER = YES;
				CLANG_WARN_RANGE_LOOP_ANALYSIS = YES;
				CLANG_WARN_STRICT_PROTOTYPES = YES;
				CLANG_WARN_SUSPICIOUS_MOVE = YES;
				CLANG_WARN_UNGUARDED_AVAILABILITY = YES_AGGRESSIVE;
				CLANG_WARN_UNREACHABLE_CODE = YES;
				CLANG_WARN__DUPLICATE_METHOD_MATCH = YES;
				COPY_PHASE_STRIP = NO;
				DEBUG_INFORMATION_FORMAT = dwarf;
				ENABLE_STRICT_OBJC_MSGSEND = YES;
				ENABLE_TESTABILITY = YES;
				GCC_C_LANGUAGE_STANDARD = gnu11;
				GCC_DYNAMIC_NO_PIC = NO;
				GCC_NO_COMMON_BLOCKS = YES;
				GCC_OPTIMIZATION_LEVEL = 0;
				GCC_PREPROCESSOR_DEFINITIONS = (
					"DEBUG=1",
					"$(inherited)",
				);
				GCC_WARN_64_TO_32_BIT_CONVERSION = YES;
				GCC_WARN_ABOUT_RETURN_TYPE = YES_ERROR;
				GCC_WARN_UNDECLARED_SELECTOR = YES;
				GCC_WARN_UNINITIALIZED_AUTOS = YES_AGGRESSIVE;
				GCC_WARN_UNUSED_FUNCTION = YES;
				GCC_WARN_UNUSED_VARIABLE = YES;
				MTL_ENABLE_DEBUG_INFO = INCLUDE_SOURCE;
				MTL_FAST_MATH = YES;
				ONLY_ACTIVE_ARCH = YES;
				SWIFT_ACTIVE_COMPILATION_CONDITIONS = DEBUG;
				SWIFT_OPTIMIZATION_LEVEL = "-Onone";
			};
			name = Debug;
		};
		CF6762F9297EB2790024F03A /* Release */ = {
			isa = XCBuildConfiguration;
			buildSettings = {
				ALWAYS_SEARCH_USER_PATHS = NO;
				CLANG_ANALYZER_NONNULL = YES;
				CLANG_ANALYZER_NUMBER_OBJECT_CONVERSION = YES_AGGRESSIVE;
				CLANG_CXX_LANGUAGE_STANDARD = "gnu++20";
				CLANG_ENABLE_MODULES = YES;
				CLANG_ENABLE_OBJC_ARC = YES;
				CLANG_ENABLE_OBJC_WEAK = YES;
				CLANG_WARN_BLOCK_CAPTURE_AUTORELEASING = YES;
				CLANG_WARN_BOOL_CONVERSION = YES;
				CLANG_WARN_COMMA = YES;
				CLANG_WARN_CONSTANT_CONVERSION = YES;
				CLANG_WARN_DEPRECATED_OBJC_IMPLEMENTATIONS = YES;
				CLANG_WARN_DIRECT_OBJC_ISA_USAGE = YES_ERROR;
				CLANG_WARN_DOCUMENTATION_COMMENTS = YES;
				CLANG_WARN_EMPTY_BODY = YES;
				CLANG_WARN_ENUM_CONVERSION = YES;
				CLANG_WARN_INFINITE_RECURSION = YES;
				CLANG_WARN_INT_CONVERSION = YES;
				CLANG_WARN_NON_LITERAL_NULL_CONVERSION = YES;
				CLANG_WARN_OBJC_IMPLICIT_RETAIN_SELF = YES;
				CLANG_WARN_OBJC_LITERAL_CONVERSION = YES;
				CLANG_WARN_OBJC_ROOT_CLASS = YES_ERROR;
				CLANG_WARN_QUOTED_INCLUDE_IN_FRAMEWORK_HEADER = YES;
				CLANG_WARN_RANGE_LOOP_ANALYSIS = YES;
				CLANG_WARN_STRICT_PROTOTYPES = YES;
				CLANG_WARN_SUSPICIOUS_MOVE = YES;
				CLANG_WARN_UNGUARDED_AVAILABILITY = YES_AGGRESSIVE;
				CLANG_WARN_UNREACHABLE_CODE = YES;
				CLANG_WARN__DUPLICATE_METHOD_MATCH = YES;
				COPY_PHASE_STRIP = NO;
				DEBUG_INFORMATION_FORMAT = "dwarf-with-dsym";
				ENABLE_NS_ASSERTIONS = NO;
				ENABLE_STRICT_OBJC_MSGSEND = YES;
				GCC_C_LANGUAGE_STANDARD = gnu11;
				GCC_NO_COMMON_BLOCKS = YES;
				GCC_WARN_64_TO_32_BIT_CONVERSION = YES;
				GCC_WARN_ABOUT_RETURN_TYPE = YES_ERROR;
				GCC_WARN_UNDECLARED_SELECTOR = YES;
				GCC_WARN_UNINITIALIZED_AUTOS = YES_AGGRESSIVE;
				GCC_WARN_UNUSED_FUNCTION = YES;
				GCC_WARN_UNUSED_VARIABLE = YES;
				MTL_ENABLE_DEBUG_INFO = NO;
				MTL_FAST_MATH = YES;
				SWIFT_COMPILATION_MODE = wholemodule;
				SWIFT_OPTIMIZATION_LEVEL = "-O";
			};
			name = Release;
		};
		CF6762FB297EB2790024F03A /* Debug */ = {
			isa = XCBuildConfiguration;
			buildSettings = {
				ASSETCATALOG_COMPILER_APPICON_NAME = AppIcon;
				ASSETCATALOG_COMPILER_GLOBAL_ACCENT_COLOR_NAME = AccentColor;
				CODE_SIGN_ENTITLEMENTS = LadderApp/LadderApp.entitlements;
				CODE_SIGN_STYLE = Automatic;
				CURRENT_PROJECT_VERSION = 1;
				DEVELOPMENT_ASSET_PATHS = "\"LadderApp/Preview Content\"";
				DEVELOPMENT_TEAM = 9LYGXFKJ58;
				ENABLE_HARDENED_RUNTIME = YES;
				ENABLE_PREVIEWS = YES;
				GENERATE_INFOPLIST_FILE = YES;
				INFOPLIST_FILE = LadderApp/Info.plist;
				"INFOPLIST_KEY_UIApplicationSceneManifest_Generation[sdk=iphoneos*]" = YES;
				"INFOPLIST_KEY_UIApplicationSceneManifest_Generation[sdk=iphonesimulator*]" = YES;
				"INFOPLIST_KEY_UIApplicationSupportsIndirectInputEvents[sdk=iphoneos*]" = YES;
				"INFOPLIST_KEY_UIApplicationSupportsIndirectInputEvents[sdk=iphonesimulator*]" = YES;
				"INFOPLIST_KEY_UILaunchScreen_Generation[sdk=iphoneos*]" = YES;
				"INFOPLIST_KEY_UILaunchScreen_Generation[sdk=iphonesimulator*]" = YES;
				INFOPLIST_KEY_UILaunchStoryboardName = "Launch Screen.storyboard";
				"INFOPLIST_KEY_UIStatusBarStyle[sdk=iphoneos*]" = UIStatusBarStyleDefault;
				"INFOPLIST_KEY_UIStatusBarStyle[sdk=iphonesimulator*]" = UIStatusBarStyleDefault;
				INFOPLIST_KEY_UISupportedInterfaceOrientations_iPad = UIInterfaceOrientationPortrait;
				INFOPLIST_KEY_UISupportedInterfaceOrientations_iPhone = UIInterfaceOrientationPortrait;
				IPHONEOS_DEPLOYMENT_TARGET = 16.0;
				LD_RUNPATH_SEARCH_PATHS = "@executable_path/Frameworks";
				"LD_RUNPATH_SEARCH_PATHS[sdk=macosx*]" = "@executable_path/../Frameworks";
				MACOSX_DEPLOYMENT_TARGET = 13.1;
				MARKETING_VERSION = 1.0.0;
				PRODUCT_BUNDLE_IDENTIFIER = com.RomanProskiy.LadderApp;
				PRODUCT_NAME = "$(TARGET_NAME)";
				SDKROOT = auto;
				SUPPORTED_PLATFORMS = "iphoneos iphonesimulator";
				SUPPORTS_MACCATALYST = NO;
				SUPPORTS_MAC_DESIGNED_FOR_IPHONE_IPAD = NO;
				SWIFT_EMIT_LOC_STRINGS = YES;
				SWIFT_VERSION = 5.0;
				TARGETED_DEVICE_FAMILY = "1,2";
			};
			name = Debug;
		};
		CF6762FC297EB2790024F03A /* Release */ = {
			isa = XCBuildConfiguration;
			buildSettings = {
				ASSETCATALOG_COMPILER_APPICON_NAME = AppIcon;
				ASSETCATALOG_COMPILER_GLOBAL_ACCENT_COLOR_NAME = AccentColor;
				CODE_SIGN_ENTITLEMENTS = LadderApp/LadderApp.entitlements;
				CODE_SIGN_STYLE = Automatic;
				CURRENT_PROJECT_VERSION = 1;
				DEVELOPMENT_ASSET_PATHS = "\"LadderApp/Preview Content\"";
				DEVELOPMENT_TEAM = 9LYGXFKJ58;
				ENABLE_HARDENED_RUNTIME = YES;
				ENABLE_PREVIEWS = YES;
				GENERATE_INFOPLIST_FILE = YES;
				INFOPLIST_FILE = LadderApp/Info.plist;
				"INFOPLIST_KEY_UIApplicationSceneManifest_Generation[sdk=iphoneos*]" = YES;
				"INFOPLIST_KEY_UIApplicationSceneManifest_Generation[sdk=iphonesimulator*]" = YES;
				"INFOPLIST_KEY_UIApplicationSupportsIndirectInputEvents[sdk=iphoneos*]" = YES;
				"INFOPLIST_KEY_UIApplicationSupportsIndirectInputEvents[sdk=iphonesimulator*]" = YES;
				"INFOPLIST_KEY_UILaunchScreen_Generation[sdk=iphoneos*]" = YES;
				"INFOPLIST_KEY_UILaunchScreen_Generation[sdk=iphonesimulator*]" = YES;
				INFOPLIST_KEY_UILaunchStoryboardName = "Launch Screen.storyboard";
				"INFOPLIST_KEY_UIStatusBarStyle[sdk=iphoneos*]" = UIStatusBarStyleDefault;
				"INFOPLIST_KEY_UIStatusBarStyle[sdk=iphonesimulator*]" = UIStatusBarStyleDefault;
				INFOPLIST_KEY_UISupportedInterfaceOrientations_iPad = UIInterfaceOrientationPortrait;
				INFOPLIST_KEY_UISupportedInterfaceOrientations_iPhone = UIInterfaceOrientationPortrait;
				IPHONEOS_DEPLOYMENT_TARGET = 16.0;
				LD_RUNPATH_SEARCH_PATHS = "@executable_path/Frameworks";
				"LD_RUNPATH_SEARCH_PATHS[sdk=macosx*]" = "@executable_path/../Frameworks";
				MACOSX_DEPLOYMENT_TARGET = 13.1;
				MARKETING_VERSION = 1.0.0;
				PRODUCT_BUNDLE_IDENTIFIER = com.RomanProskiy.LadderApp;
				PRODUCT_NAME = "$(TARGET_NAME)";
				SDKROOT = auto;
				SUPPORTED_PLATFORMS = "iphoneos iphonesimulator";
				SUPPORTS_MACCATALYST = NO;
				SUPPORTS_MAC_DESIGNED_FOR_IPHONE_IPAD = NO;
				SWIFT_EMIT_LOC_STRINGS = YES;
				SWIFT_VERSION = 5.0;
				TARGETED_DEVICE_FAMILY = "1,2";
			};
			name = Release;
		};
/* End XCBuildConfiguration section */

/* Begin XCConfigurationList section */
		CF6762E6297EB2740024F03A /* Build configuration list for PBXProject "LadderApp" */ = {
			isa = XCConfigurationList;
			buildConfigurations = (
				CF6762F8297EB2790024F03A /* Debug */,
				CF6762F9297EB2790024F03A /* Release */,
			);
			defaultConfigurationIsVisible = 0;
			defaultConfigurationName = Release;
		};
		CF6762FA297EB2790024F03A /* Build configuration list for PBXNativeTarget "LadderApp" */ = {
			isa = XCConfigurationList;
			buildConfigurations = (
				CF6762FB297EB2790024F03A /* Debug */,
				CF6762FC297EB2790024F03A /* Release */,
			);
			defaultConfigurationIsVisible = 0;
			defaultConfigurationName = Release;
		};
/* End XCConfigurationList section */

/* Begin XCVersionGroup section */
		CF676312297ED7710024F03A /* LadderDataModel.xcdatamodeld */ = {
			isa = XCVersionGroup;
			children = (
				CF676313297ED7710024F03A /* LadderDataModel.xcdatamodel */,
			);
			currentVersion = CF676313297ED7710024F03A /* LadderDataModel.xcdatamodel */;
			path = LadderDataModel.xcdatamodeld;
			sourceTree = "<group>";
			versionGroupType = wrapper.xcdatamodel;
		};
/* End XCVersionGroup section */
	};
	rootObject = CF6762E3297EB2740024F03A /* Project object */;
}
